
Microsoft Visual Studio Solution File, Format Version 12.00
# Visual Studio Version 16
VisualStudioVersion = 16.0.30503.244
MinimumVisualStudioVersion = 10.0.40219.1
Project("{FAE04EC0-301F-11D3-BF4B-00C04F79EFBC}") = "ChipotleSubmitButton", "ChipotleSubmitButton\ChipotleSubmitButton.csproj", "{5D46B46C-BC09-40C3-BE26-F3735A4557F2}"
EndProject
Global
	GlobalSection(SolutionConfigurationPlatforms) = preSolution
		Debug|Any CPU = Debug|Any CPU
		Release|Any CPU = Release|Any CPU
	EndGlobalSection
	GlobalSection(ProjectConfigurationPlatforms) = postSolution
		{5D46B46C-BC09-40C3-BE26-F3735A4557F2}.Debug|Any CPU.ActiveCfg = Debug|Any CPU
		{5D46B46C-BC09-40C3-BE26-F3735A4557F2}.Debug|Any CPU.Build.0 = Debug|Any CPU
		{5D46B46C-BC09-40C3-BE26-F3735A4557F2}.Release|Any CPU.ActiveCfg = Release|Any CPU
		{5D46B46C-BC09-40C3-BE26-F3735A4557F2}.Release|Any CPU.Build.0 = Release|Any CPU
	EndGlobalSection
	GlobalSection(SolutionProperties) = preSolution
		HideSolutionNode = FALSE
	EndGlobalSection
	GlobalSection(ExtensibilityGlobals) = postSolution
		SolutionGuid = {130CAE23-AE17-42CF-975E-1EBF94968A30}
	EndGlobalSection
EndGlobal
