
Microsoft Visual Studio Solution File, Format Version 12.00
# Visual Studio Version 16
VisualStudioVersion = 16.0.30503.244
MinimumVisualStudioVersion = 10.0.40219.1
Project("{9A19103F-16F7-4668-BE54-9A1E7A4F7556}") = "UIWorkshops.Demos", "UIWorkshops.Demo\UIWorkshops.Demos.csproj", "{89CA86C9-8117-4934-A660-BA46D4227428}"
EndProject
Project("{9A19103F-16F7-4668-BE54-9A1E7A4F7556}") = "HighlightTextBlockControl", "HighlightTextBlockControl\HighlightTextBlockControl.csproj", "{C147DADD-8B08-46ED-8A0C-5E0DF282CBD7}"
EndProject
Project("{9A19103F-16F7-4668-BE54-9A1E7A4F7556}") = "HoldSubmitButtonControl", "HoldSubmitButtonControl\HoldSubmitButtonControl.csproj", "{2E852E49-CA74-4B32-8394-BF79D7F683C1}"
EndProject
Project("{9A19103F-16F7-4668-BE54-9A1E7A4F7556}") = "LoadingSpinnerControl", "LoadingSpinnerControl\LoadingSpinnerControl.csproj", "{4953D402-A7E2-4613-9F17-61E624E276ED}"
EndProject
Project("{FAE04EC0-301F-11D3-BF4B-00C04F79EFBC}") = "PlaceholderTextBox", "PlaceholderTextBox\PlaceholderTextBox.csproj", "{145AB479-39AC-4C7E-AB17-0C59E444D0D9}"
EndProject
Project("{9A19103F-16F7-4668-BE54-9A1E7A4F7556}") = "ModalControl", "ModalControl\ModalControl.csproj", "{259FF005-EA2C-412C-91F8-E4614E64AAF3}"
EndProject
Project("{9A19103F-16F7-4668-BE54-9A1E7A4F7556}") = "HamburgerMenuControl", "HamburgerMenuControl\HamburgerMenuControl.csproj", "{A9D3AF2E-0D73-4A01-A3F3-EA8C59EC56E3}"
EndProject
Project("{FAE04EC0-301F-11D3-BF4B-00C04F79EFBC}") = "DropdownMenuControl", "DropdownMenuControl\DropdownMenuControl.csproj", "{5A570EBE-509D-4895-8FA6-9800846A13C6}"
EndProject
Global
	GlobalSection(SolutionConfigurationPlatforms) = preSolution
		Debug|Any CPU = Debug|Any CPU
		Release|Any CPU = Release|Any CPU
	EndGlobalSection
	GlobalSection(ProjectConfigurationPlatforms) = postSolution
		{89CA86C9-8117-4934-A660-BA46D4227428}.Debug|Any CPU.ActiveCfg = Debug|Any CPU
		{89CA86C9-8117-4934-A660-BA46D4227428}.Debug|Any CPU.Build.0 = Debug|Any CPU
		{89CA86C9-8117-4934-A660-BA46D4227428}.Release|Any CPU.ActiveCfg = Release|Any CPU
		{89CA86C9-8117-4934-A660-BA46D4227428}.Release|Any CPU.Build.0 = Release|Any CPU
		{C147DADD-8B08-46ED-8A0C-5E0DF282CBD7}.Debug|Any CPU.ActiveCfg = Debug|Any CPU
		{C147DADD-8B08-46ED-8A0C-5E0DF282CBD7}.Debug|Any CPU.Build.0 = Debug|Any CPU
		{C147DADD-8B08-46ED-8A0C-5E0DF282CBD7}.Release|Any CPU.ActiveCfg = Release|Any CPU
		{C147DADD-8B08-46ED-8A0C-5E0DF282CBD7}.Release|Any CPU.Build.0 = Release|Any CPU
		{2E852E49-CA74-4B32-8394-BF79D7F683C1}.Debug|Any CPU.ActiveCfg = Debug|Any CPU
		{2E852E49-CA74-4B32-8394-BF79D7F683C1}.Debug|Any CPU.Build.0 = Debug|Any CPU
		{2E852E49-CA74-4B32-8394-BF79D7F683C1}.Release|Any CPU.ActiveCfg = Release|Any CPU
		{2E852E49-CA74-4B32-8394-BF79D7F683C1}.Release|Any CPU.Build.0 = Release|Any CPU
		{4953D402-A7E2-4613-9F17-61E624E276ED}.Debug|Any CPU.ActiveCfg = Debug|Any CPU
		{4953D402-A7E2-4613-9F17-61E624E276ED}.Debug|Any CPU.Build.0 = Debug|Any CPU
		{4953D402-A7E2-4613-9F17-61E624E276ED}.Release|Any CPU.ActiveCfg = Release|Any CPU
		{4953D402-A7E2-4613-9F17-61E624E276ED}.Release|Any CPU.Build.0 = Release|Any CPU
	EndGlobalSection
	GlobalSection(SolutionProperties) = preSolution
		HideSolutionNode = FALSE
	EndGlobalSection
	GlobalSection(ExtensibilityGlobals) = postSolution
		SolutionGuid = {130CAE23-AE17-42CF-975E-1EBF94968A30}
	EndGlobalSection
EndGlobal
